
Microsoft Visual Studio Solution File, Format Version 12.00
# Visual Studio 15
VisualStudioVersion = 15.0.27703.2000
MinimumVisualStudioVersion = 10.0.40219.1
Project("{FAE04EC0-301F-11D3-BF4B-00C04F79EFBC}") = "TabbedFramePage.Android", "TabbedFramePage\TabbedFramePage.Android\TabbedFramePage.Android.csproj", "{F0490F94-BCF1-40A7-BA05-FB44DCB9313C}"
EndProject
Project("{FAE04EC0-301F-11D3-BF4B-00C04F79EFBC}") = "TabbedFramePage.iOS", "TabbedFramePage\TabbedFramePage.iOS\TabbedFramePage.iOS.csproj", "{038532F6-31E0-404E-ADD1-C07F239B0924}"
EndProject
Project("{FAE04EC0-301F-11D3-BF4B-00C04F79EFBC}") = "TabbedFramePage.UWP", "TabbedFramePage\TabbedFramePage.UWP\TabbedFramePage.UWP.csproj", "{E96A803E-A8E6-49B3-9533-EAC33DC1E12F}"
EndProject
Project("{FAE04EC0-301F-11D3-BF4B-00C04F79EFBC}") = "TabbedFramePage", "TabbedFramePage\TabbedFramePage\TabbedFramePage.csproj", "{08A8DA0E-D0EA-4D92-AB0C-EB8A3E7FA27E}"
EndProject
Global
	GlobalSection(SolutionConfigurationPlatforms) = preSolution
		Ad-Hoc|Any CPU = Ad-Hoc|Any CPU
		Ad-Hoc|ARM = Ad-Hoc|ARM
		Ad-Hoc|iPhone = Ad-Hoc|iPhone
		Ad-Hoc|iPhoneSimulator = Ad-Hoc|iPhoneSimulator
		Ad-Hoc|x64 = Ad-Hoc|x64
		Ad-Hoc|x86 = Ad-Hoc|x86
		AppStore|Any CPU = AppStore|Any CPU
		AppStore|ARM = AppStore|ARM
		AppStore|iPhone = AppStore|iPhone
		AppStore|iPhoneSimulator = AppStore|iPhoneSimulator
		AppStore|x64 = AppStore|x64
		AppStore|x86 = AppStore|x86
		Debug|Any CPU = Debug|Any CPU
		Debug|ARM = Debug|ARM
		Debug|iPhone = Debug|iPhone
		Debug|iPhoneSimulator = Debug|iPhoneSimulator
		Debug|x64 = Debug|x64
		Debug|x86 = Debug|x86
		Release|Any CPU = Release|Any CPU
		Release|ARM = Release|ARM
		Release|iPhone = Release|iPhone
		Release|iPhoneSimulator = Release|iPhoneSimulator
		Release|x64 = Release|x64
		Release|x86 = Release|x86
	EndGlobalSection
	GlobalSection(ProjectConfigurationPlatforms) = postSolution
		{F0490F94-BCF1-40A7-BA05-FB44DCB9313C}.Ad-Hoc|Any CPU.ActiveCfg = Release|Any CPU
		{F0490F94-BCF1-40A7-BA05-FB44DCB9313C}.Ad-Hoc|Any CPU.Build.0 = Release|Any CPU
		{F0490F94-BCF1-40A7-BA05-FB44DCB9313C}.Ad-Hoc|Any CPU.Deploy.0 = Release|Any CPU
		{F0490F94-BCF1-40A7-BA05-FB44DCB9313C}.Ad-Hoc|ARM.ActiveCfg = Release|Any CPU
		{F0490F94-BCF1-40A7-BA05-FB44DCB9313C}.Ad-Hoc|ARM.Build.0 = Release|Any CPU
		{F0490F94-BCF1-40A7-BA05-FB44DCB9313C}.Ad-Hoc|ARM.Deploy.0 = Release|Any CPU
		{F0490F94-BCF1-40A7-BA05-FB44DCB9313C}.Ad-Hoc|iPhone.ActiveCfg = Release|Any CPU
		{F0490F94-BCF1-40A7-BA05-FB44DCB9313C}.Ad-Hoc|iPhone.Build.0 = Release|Any CPU
		{F0490F94-BCF1-40A7-BA05-FB44DCB9313C}.Ad-Hoc|iPhone.Deploy.0 = Release|Any CPU
		{F0490F94-BCF1-40A7-BA05-FB44DCB9313C}.Ad-Hoc|iPhoneSimulator.ActiveCfg = Release|Any CPU
		{F0490F94-BCF1-40A7-BA05-FB44DCB9313C}.Ad-Hoc|iPhoneSimulator.Build.0 = Release|Any CPU
		{F0490F94-BCF1-40A7-BA05-FB44DCB9313C}.Ad-Hoc|iPhoneSimulator.Deploy.0 = Release|Any CPU
		{F0490F94-BCF1-40A7-BA05-FB44DCB9313C}.Ad-Hoc|x64.ActiveCfg = Release|Any CPU
		{F0490F94-BCF1-40A7-BA05-FB44DCB9313C}.Ad-Hoc|x64.Build.0 = Release|Any CPU
		{F0490F94-BCF1-40A7-BA05-FB44DCB9313C}.Ad-Hoc|x64.Deploy.0 = Release|Any CPU
		{F0490F94-BCF1-40A7-BA05-FB44DCB9313C}.Ad-Hoc|x86.ActiveCfg = Release|Any CPU
		{F0490F94-BCF1-40A7-BA05-FB44DCB9313C}.Ad-Hoc|x86.Build.0 = Release|Any CPU
		{F0490F94-BCF1-40A7-BA05-FB44DCB9313C}.Ad-Hoc|x86.Deploy.0 = Release|Any CPU
		{F0490F94-BCF1-40A7-BA05-FB44DCB9313C}.AppStore|Any CPU.ActiveCfg = Release|Any CPU
		{F0490F94-BCF1-40A7-BA05-FB44DCB9313C}.AppStore|Any CPU.Build.0 = Release|Any CPU
		{F0490F94-BCF1-40A7-BA05-FB44DCB9313C}.AppStore|Any CPU.Deploy.0 = Release|Any CPU
		{F0490F94-BCF1-40A7-BA05-FB44DCB9313C}.AppStore|ARM.ActiveCfg = Release|Any CPU
		{F0490F94-BCF1-40A7-BA05-FB44DCB9313C}.AppStore|ARM.Build.0 = Release|Any CPU
		{F0490F94-BCF1-40A7-BA05-FB44DCB9313C}.AppStore|ARM.Deploy.0 = Release|Any CPU
		{F0490F94-BCF1-40A7-BA05-FB44DCB9313C}.AppStore|iPhone.ActiveCfg = Release|Any CPU
		{F0490F94-BCF1-40A7-BA05-FB44DCB9313C}.AppStore|iPhone.Build.0 = Release|Any CPU
		{F0490F94-BCF1-40A7-BA05-FB44DCB9313C}.AppStore|iPhone.Deploy.0 = Release|Any CPU
		{F0490F94-BCF1-40A7-BA05-FB44DCB9313C}.AppStore|iPhoneSimulator.ActiveCfg = Release|Any CPU
		{F0490F94-BCF1-40A7-BA05-FB44DCB9313C}.AppStore|iPhoneSimulator.Build.0 = Release|Any CPU
		{F0490F94-BCF1-40A7-BA05-FB44DCB9313C}.AppStore|iPhoneSimulator.Deploy.0 = Release|Any CPU
		{F0490F94-BCF1-40A7-BA05-FB44DCB9313C}.AppStore|x64.ActiveCfg = Release|Any CPU
		{F0490F94-BCF1-40A7-BA05-FB44DCB9313C}.AppStore|x64.Build.0 = Release|Any CPU
		{F0490F94-BCF1-40A7-BA05-FB44DCB9313C}.AppStore|x64.Deploy.0 = Release|Any CPU
		{F0490F94-BCF1-40A7-BA05-FB44DCB9313C}.AppStore|x86.ActiveCfg = Release|Any CPU
		{F0490F94-BCF1-40A7-BA05-FB44DCB9313C}.AppStore|x86.Build.0 = Release|Any CPU
		{F0490F94-BCF1-40A7-BA05-FB44DCB9313C}.AppStore|x86.Deploy.0 = Release|Any CPU
		{F0490F94-BCF1-40A7-BA05-FB44DCB9313C}.Debug|Any CPU.ActiveCfg = Debug|Any CPU
		{F0490F94-BCF1-40A7-BA05-FB44DCB9313C}.Debug|Any CPU.Build.0 = Debug|Any CPU
		{F0490F94-BCF1-40A7-BA05-FB44DCB9313C}.Debug|Any CPU.Deploy.0 = Debug|Any CPU
		{F0490F94-BCF1-40A7-BA05-FB44DCB9313C}.Debug|ARM.ActiveCfg = Debug|Any CPU
		{F0490F94-BCF1-40A7-BA05-FB44DCB9313C}.Debug|ARM.Build.0 = Debug|Any CPU
		{F0490F94-BCF1-40A7-BA05-FB44DCB9313C}.Debug|ARM.Deploy.0 = Debug|Any CPU
		{F0490F94-BCF1-40A7-BA05-FB44DCB9313C}.Debug|iPhone.ActiveCfg = Debug|Any CPU
		{F0490F94-BCF1-40A7-BA05-FB44DCB9313C}.Debug|iPhone.Build.0 = Debug|Any CPU
		{F0490F94-BCF1-40A7-BA05-FB44DCB9313C}.Debug|iPhone.Deploy.0 = Debug|Any CPU
		{F0490F94-BCF1-40A7-BA05-FB44DCB9313C}.Debug|iPhoneSimulator.ActiveCfg = Debug|Any CPU
		{F0490F94-BCF1-40A7-BA05-FB44DCB9313C}.Debug|iPhoneSimulator.Build.0 = Debug|Any CPU
		{F0490F94-BCF1-40A7-BA05-FB44DCB9313C}.Debug|iPhoneSimulator.Deploy.0 = Debug|Any CPU
		{F0490F94-BCF1-40A7-BA05-FB44DCB9313C}.Debug|x64.ActiveCfg = Debug|Any CPU
		{F0490F94-BCF1-40A7-BA05-FB44DCB9313C}.Debug|x64.Build.0 = Debug|Any CPU
		{F0490F94-BCF1-40A7-BA05-FB44DCB9313C}.Debug|x64.Deploy.0 = Debug|Any CPU
		{F0490F94-BCF1-40A7-BA05-FB44DCB9313C}.Debug|x86.ActiveCfg = Debug|Any CPU
		{F0490F94-BCF1-40A7-BA05-FB44DCB9313C}.Debug|x86.Build.0 = Debug|Any CPU
		{F0490F94-BCF1-40A7-BA05-FB44DCB9313C}.Debug|x86.Deploy.0 = Debug|Any CPU
		{F0490F94-BCF1-40A7-BA05-FB44DCB9313C}.Release|Any CPU.ActiveCfg = Release|Any CPU
		{F0490F94-BCF1-40A7-BA05-FB44DCB9313C}.Release|Any CPU.Build.0 = Release|Any CPU
		{F0490F94-BCF1-40A7-BA05-FB44DCB9313C}.Release|Any CPU.Deploy.0 = Release|Any CPU
		{F0490F94-BCF1-40A7-BA05-FB44DCB9313C}.Release|ARM.ActiveCfg = Release|Any CPU
		{F0490F94-BCF1-40A7-BA05-FB44DCB9313C}.Release|ARM.Build.0 = Release|Any CPU
		{F0490F94-BCF1-40A7-BA05-FB44DCB9313C}.Release|ARM.Deploy.0 = Release|Any CPU
		{F0490F94-BCF1-40A7-BA05-FB44DCB9313C}.Release|iPhone.ActiveCfg = Release|Any CPU
		{F0490F94-BCF1-40A7-BA05-FB44DCB9313C}.Release|iPhone.Build.0 = Release|Any CPU
		{F0490F94-BCF1-40A7-BA05-FB44DCB9313C}.Release|iPhone.Deploy.0 = Release|Any CPU
		{F0490F94-BCF1-40A7-BA05-FB44DCB9313C}.Release|iPhoneSimulator.ActiveCfg = Release|Any CPU
		{F0490F94-BCF1-40A7-BA05-FB44DCB9313C}.Release|iPhoneSimulator.Build.0 = Release|Any CPU
		{F0490F94-BCF1-40A7-BA05-FB44DCB9313C}.Release|iPhoneSimulator.Deploy.0 = Release|Any CPU
		{F0490F94-BCF1-40A7-BA05-FB44DCB9313C}.Release|x64.ActiveCfg = Release|Any CPU
		{F0490F94-BCF1-40A7-BA05-FB44DCB9313C}.Release|x64.Build.0 = Release|Any CPU
		{F0490F94-BCF1-40A7-BA05-FB44DCB9313C}.Release|x64.Deploy.0 = Release|Any CPU
		{F0490F94-BCF1-40A7-BA05-FB44DCB9313C}.Release|x86.ActiveCfg = Release|Any CPU
		{F0490F94-BCF1-40A7-BA05-FB44DCB9313C}.Release|x86.Build.0 = Release|Any CPU
		{F0490F94-BCF1-40A7-BA05-FB44DCB9313C}.Release|x86.Deploy.0 = Release|Any CPU
		{038532F6-31E0-404E-ADD1-C07F239B0924}.Ad-Hoc|Any CPU.ActiveCfg = Ad-Hoc|iPhone
		{038532F6-31E0-404E-ADD1-C07F239B0924}.Ad-Hoc|Any CPU.Build.0 = Ad-Hoc|iPhone
		{038532F6-31E0-404E-ADD1-C07F239B0924}.Ad-Hoc|Any CPU.Deploy.0 = Ad-Hoc|iPhone
		{038532F6-31E0-404E-ADD1-C07F239B0924}.Ad-Hoc|ARM.ActiveCfg = Ad-Hoc|iPhone
		{038532F6-31E0-404E-ADD1-C07F239B0924}.Ad-Hoc|ARM.Build.0 = Ad-Hoc|iPhone
		{038532F6-31E0-404E-ADD1-C07F239B0924}.Ad-Hoc|ARM.Deploy.0 = Ad-Hoc|iPhone
		{038532F6-31E0-404E-ADD1-C07F239B0924}.Ad-Hoc|iPhone.ActiveCfg = Ad-Hoc|iPhone
		{038532F6-31E0-404E-ADD1-C07F239B0924}.Ad-Hoc|iPhone.Build.0 = Ad-Hoc|iPhone
		{038532F6-31E0-404E-ADD1-C07F239B0924}.Ad-Hoc|iPhone.Deploy.0 = Ad-Hoc|iPhone
		{038532F6-31E0-404E-ADD1-C07F239B0924}.Ad-Hoc|iPhoneSimulator.ActiveCfg = Ad-Hoc|iPhoneSimulator
		{038532F6-31E0-404E-ADD1-C07F239B0924}.Ad-Hoc|iPhoneSimulator.Build.0 = Ad-Hoc|iPhoneSimulator
		{038532F6-31E0-404E-ADD1-C07F239B0924}.Ad-Hoc|iPhoneSimulator.Deploy.0 = Ad-Hoc|iPhoneSimulator
		{038532F6-31E0-404E-ADD1-C07F239B0924}.Ad-Hoc|x64.ActiveCfg = Ad-Hoc|iPhone
		{038532F6-31E0-404E-ADD1-C07F239B0924}.Ad-Hoc|x64.Build.0 = Ad-Hoc|iPhone
		{038532F6-31E0-404E-ADD1-C07F239B0924}.Ad-Hoc|x64.Deploy.0 = Ad-Hoc|iPhone
		{038532F6-31E0-404E-ADD1-C07F239B0924}.Ad-Hoc|x86.ActiveCfg = Ad-Hoc|iPhone
		{038532F6-31E0-404E-ADD1-C07F239B0924}.Ad-Hoc|x86.Build.0 = Ad-Hoc|iPhone
		{038532F6-31E0-404E-ADD1-C07F239B0924}.Ad-Hoc|x86.Deploy.0 = Ad-Hoc|iPhone
		{038532F6-31E0-404E-ADD1-C07F239B0924}.AppStore|Any CPU.ActiveCfg = AppStore|iPhone
		{038532F6-31E0-404E-ADD1-C07F239B0924}.AppStore|Any CPU.Build.0 = AppStore|iPhone
		{038532F6-31E0-404E-ADD1-C07F239B0924}.AppStore|Any CPU.Deploy.0 = AppStore|iPhone
		{038532F6-31E0-404E-ADD1-C07F239B0924}.AppStore|ARM.ActiveCfg = AppStore|iPhone
		{038532F6-31E0-404E-ADD1-C07F239B0924}.AppStore|ARM.Build.0 = AppStore|iPhone
		{038532F6-31E0-404E-ADD1-C07F239B0924}.AppStore|ARM.Deploy.0 = AppStore|iPhone
		{038532F6-31E0-404E-ADD1-C07F239B0924}.AppStore|iPhone.ActiveCfg = AppStore|iPhone
		{038532F6-31E0-404E-ADD1-C07F239B0924}.AppStore|iPhone.Build.0 = AppStore|iPhone
		{038532F6-31E0-404E-ADD1-C07F239B0924}.AppStore|iPhone.Deploy.0 = AppStore|iPhone
		{038532F6-31E0-404E-ADD1-C07F239B0924}.AppStore|iPhoneSimulator.ActiveCfg = AppStore|iPhoneSimulator
		{038532F6-31E0-404E-ADD1-C07F239B0924}.AppStore|iPhoneSimulator.Build.0 = AppStore|iPhoneSimulator
		{038532F6-31E0-404E-ADD1-C07F239B0924}.AppStore|iPhoneSimulator.Deploy.0 = AppStore|iPhoneSimulator
		{038532F6-31E0-404E-ADD1-C07F239B0924}.AppStore|x64.ActiveCfg = AppStore|iPhone
		{038532F6-31E0-404E-ADD1-C07F239B0924}.AppStore|x64.Build.0 = AppStore|iPhone
		{038532F6-31E0-404E-ADD1-C07F239B0924}.AppStore|x64.Deploy.0 = AppStore|iPhone
		{038532F6-31E0-404E-ADD1-C07F239B0924}.AppStore|x86.ActiveCfg = AppStore|iPhone
		{038532F6-31E0-404E-ADD1-C07F239B0924}.AppStore|x86.Build.0 = AppStore|iPhone
		{038532F6-31E0-404E-ADD1-C07F239B0924}.AppStore|x86.Deploy.0 = AppStore|iPhone
		{038532F6-31E0-404E-ADD1-C07F239B0924}.Debug|Any CPU.ActiveCfg = Debug|iPhoneSimulator
		{038532F6-31E0-404E-ADD1-C07F239B0924}.Debug|Any CPU.Build.0 = Debug|iPhoneSimulator
		{038532F6-31E0-404E-ADD1-C07F239B0924}.Debug|Any CPU.Deploy.0 = Debug|iPhoneSimulator
		{038532F6-31E0-404E-ADD1-C07F239B0924}.Debug|ARM.ActiveCfg = Debug|iPhone
		{038532F6-31E0-404E-ADD1-C07F239B0924}.Debug|ARM.Build.0 = Debug|iPhone
		{038532F6-31E0-404E-ADD1-C07F239B0924}.Debug|ARM.Deploy.0 = Debug|iPhone
		{038532F6-31E0-404E-ADD1-C07F239B0924}.Debug|iPhone.ActiveCfg = Debug|iPhone
		{038532F6-31E0-404E-ADD1-C07F239B0924}.Debug|iPhone.Build.0 = Debug|iPhone
		{038532F6-31E0-404E-ADD1-C07F239B0924}.Debug|iPhone.Deploy.0 = Debug|iPhone
		{038532F6-31E0-404E-ADD1-C07F239B0924}.Debug|iPhoneSimulator.ActiveCfg = Debug|iPhoneSimulator
		{038532F6-31E0-404E-ADD1-C07F239B0924}.Debug|iPhoneSimulator.Build.0 = Debug|iPhoneSimulator
		{038532F6-31E0-404E-ADD1-C07F239B0924}.Debug|iPhoneSimulator.Deploy.0 = Debug|iPhoneSimulator
		{038532F6-31E0-404E-ADD1-C07F239B0924}.Debug|x64.ActiveCfg = Debug|iPhone
		{038532F6-31E0-404E-ADD1-C07F239B0924}.Debug|x64.Build.0 = Debug|iPhone
		{038532F6-31E0-404E-ADD1-C07F239B0924}.Debug|x64.Deploy.0 = Debug|iPhone
		{038532F6-31E0-404E-ADD1-C07F239B0924}.Debug|x86.ActiveCfg = Debug|iPhone
		{038532F6-31E0-404E-ADD1-C07F239B0924}.Debug|x86.Build.0 = Debug|iPhone
		{038532F6-31E0-404E-ADD1-C07F239B0924}.Debug|x86.Deploy.0 = Debug|iPhone
		{038532F6-31E0-404E-ADD1-C07F239B0924}.Release|Any CPU.ActiveCfg = Release|iPhone
		{038532F6-31E0-404E-ADD1-C07F239B0924}.Release|Any CPU.Build.0 = Release|iPhone
		{038532F6-31E0-404E-ADD1-C07F239B0924}.Release|Any CPU.Deploy.0 = Release|iPhone
		{038532F6-31E0-404E-ADD1-C07F239B0924}.Release|ARM.ActiveCfg = Release|iPhone
		{038532F6-31E0-404E-ADD1-C07F239B0924}.Release|ARM.Build.0 = Release|iPhone
		{038532F6-31E0-404E-ADD1-C07F239B0924}.Release|ARM.Deploy.0 = Release|iPhone
		{038532F6-31E0-404E-ADD1-C07F239B0924}.Release|iPhone.ActiveCfg = Release|iPhone
		{038532F6-31E0-404E-ADD1-C07F239B0924}.Release|iPhone.Build.0 = Release|iPhone
		{038532F6-31E0-404E-ADD1-C07F239B0924}.Release|iPhone.Deploy.0 = Release|iPhone
		{038532F6-31E0-404E-ADD1-C07F239B0924}.Release|iPhoneSimulator.ActiveCfg = Release|iPhoneSimulator
		{038532F6-31E0-404E-ADD1-C07F239B0924}.Release|iPhoneSimulator.Build.0 = Release|iPhoneSimulator
		{038532F6-31E0-404E-ADD1-C07F239B0924}.Release|iPhoneSimulator.Deploy.0 = Release|iPhoneSimulator
		{038532F6-31E0-404E-ADD1-C07F239B0924}.Release|x64.ActiveCfg = Release|iPhone
		{038532F6-31E0-404E-ADD1-C07F239B0924}.Release|x64.Build.0 = Release|iPhone
		{038532F6-31E0-404E-ADD1-C07F239B0924}.Release|x64.Deploy.0 = Release|iPhone
		{038532F6-31E0-404E-ADD1-C07F239B0924}.Release|x86.ActiveCfg = Release|iPhone
		{038532F6-31E0-404E-ADD1-C07F239B0924}.Release|x86.Build.0 = Release|iPhone
		{038532F6-31E0-404E-ADD1-C07F239B0924}.Release|x86.Deploy.0 = Release|iPhone
		{E96A803E-A8E6-49B3-9533-EAC33DC1E12F}.Ad-Hoc|Any CPU.ActiveCfg = Release|x86
		{E96A803E-A8E6-49B3-9533-EAC33DC1E12F}.Ad-Hoc|Any CPU.Build.0 = Release|x86
		{E96A803E-A8E6-49B3-9533-EAC33DC1E12F}.Ad-Hoc|Any CPU.Deploy.0 = Release|x86
		{E96A803E-A8E6-49B3-9533-EAC33DC1E12F}.Ad-Hoc|ARM.ActiveCfg = Release|ARM
		{E96A803E-A8E6-49B3-9533-EAC33DC1E12F}.Ad-Hoc|ARM.Build.0 = Release|ARM
		{E96A803E-A8E6-49B3-9533-EAC33DC1E12F}.Ad-Hoc|ARM.Deploy.0 = Release|ARM
		{E96A803E-A8E6-49B3-9533-EAC33DC1E12F}.Ad-Hoc|iPhone.ActiveCfg = Release|x86
		{E96A803E-A8E6-49B3-9533-EAC33DC1E12F}.Ad-Hoc|iPhone.Build.0 = Release|x86
		{E96A803E-A8E6-49B3-9533-EAC33DC1E12F}.Ad-Hoc|iPhone.Deploy.0 = Release|x86
		{E96A803E-A8E6-49B3-9533-EAC33DC1E12F}.Ad-Hoc|iPhoneSimulator.ActiveCfg = Release|x86
		{E96A803E-A8E6-49B3-9533-EAC33DC1E12F}.Ad-Hoc|iPhoneSimulator.Build.0 = Release|x86
		{E96A803E-A8E6-49B3-9533-EAC33DC1E12F}.Ad-Hoc|iPhoneSimulator.Deploy.0 = Release|x86
		{E96A803E-A8E6-49B3-9533-EAC33DC1E12F}.Ad-Hoc|x64.ActiveCfg = Release|x64
		{E96A803E-A8E6-49B3-9533-EAC33DC1E12F}.Ad-Hoc|x64.Build.0 = Release|x64
		{E96A803E-A8E6-49B3-9533-EAC33DC1E12F}.Ad-Hoc|x64.Deploy.0 = Release|x64
		{E96A803E-A8E6-49B3-9533-EAC33DC1E12F}.Ad-Hoc|x86.ActiveCfg = Release|x86
		{E96A803E-A8E6-49B3-9533-EAC33DC1E12F}.Ad-Hoc|x86.Build.0 = Release|x86
		{E96A803E-A8E6-49B3-9533-EAC33DC1E12F}.Ad-Hoc|x86.Deploy.0 = Release|x86
		{E96A803E-A8E6-49B3-9533-EAC33DC1E12F}.AppStore|Any CPU.ActiveCfg = Release|x86
		{E96A803E-A8E6-49B3-9533-EAC33DC1E12F}.AppStore|Any CPU.Build.0 = Release|x86
		{E96A803E-A8E6-49B3-9533-EAC33DC1E12F}.AppStore|Any CPU.Deploy.0 = Release|x86
		{E96A803E-A8E6-49B3-9533-EAC33DC1E12F}.AppStore|ARM.ActiveCfg = Release|ARM
		{E96A803E-A8E6-49B3-9533-EAC33DC1E12F}.AppStore|ARM.Build.0 = Release|ARM
		{E96A803E-A8E6-49B3-9533-EAC33DC1E12F}.AppStore|ARM.Deploy.0 = Release|ARM
		{E96A803E-A8E6-49B3-9533-EAC33DC1E12F}.AppStore|iPhone.ActiveCfg = Release|x86
		{E96A803E-A8E6-49B3-9533-EAC33DC1E12F}.AppStore|iPhone.Build.0 = Release|x86
		{E96A803E-A8E6-49B3-9533-EAC33DC1E12F}.AppStore|iPhone.Deploy.0 = Release|x86
		{E96A803E-A8E6-49B3-9533-EAC33DC1E12F}.AppStore|iPhoneSimulator.ActiveCfg = Release|x86
		{E96A803E-A8E6-49B3-9533-EAC33DC1E12F}.AppStore|iPhoneSimulator.Build.0 = Release|x86
		{E96A803E-A8E6-49B3-9533-EAC33DC1E12F}.AppStore|iPhoneSimulator.Deploy.0 = Release|x86
		{E96A803E-A8E6-49B3-9533-EAC33DC1E12F}.AppStore|x64.ActiveCfg = Release|x64
		{E96A803E-A8E6-49B3-9533-EAC33DC1E12F}.AppStore|x64.Build.0 = Release|x64
		{E96A803E-A8E6-49B3-9533-EAC33DC1E12F}.AppStore|x64.Deploy.0 = Release|x64
		{E96A803E-A8E6-49B3-9533-EAC33DC1E12F}.AppStore|x86.ActiveCfg = Release|x86
		{E96A803E-A8E6-49B3-9533-EAC33DC1E12F}.AppStore|x86.Build.0 = Release|x86
		{E96A803E-A8E6-49B3-9533-EAC33DC1E12F}.AppStore|x86.Deploy.0 = Release|x86
		{E96A803E-A8E6-49B3-9533-EAC33DC1E12F}.Debug|Any CPU.ActiveCfg = Debug|x86
		{E96A803E-A8E6-49B3-9533-EAC33DC1E12F}.Debug|Any CPU.Build.0 = Debug|x86
		{E96A803E-A8E6-49B3-9533-EAC33DC1E12F}.Debug|Any CPU.Deploy.0 = Debug|x86
		{E96A803E-A8E6-49B3-9533-EAC33DC1E12F}.Debug|ARM.ActiveCfg = Debug|ARM
		{E96A803E-A8E6-49B3-9533-EAC33DC1E12F}.Debug|ARM.Build.0 = Debug|ARM
		{E96A803E-A8E6-49B3-9533-EAC33DC1E12F}.Debug|ARM.Deploy.0 = Debug|ARM
		{E96A803E-A8E6-49B3-9533-EAC33DC1E12F}.Debug|iPhone.ActiveCfg = Debug|x86
		{E96A803E-A8E6-49B3-9533-EAC33DC1E12F}.Debug|iPhone.Build.0 = Debug|x86
		{E96A803E-A8E6-49B3-9533-EAC33DC1E12F}.Debug|iPhone.Deploy.0 = Debug|x86
		{E96A803E-A8E6-49B3-9533-EAC33DC1E12F}.Debug|iPhoneSimulator.ActiveCfg = Debug|x86
		{E96A803E-A8E6-49B3-9533-EAC33DC1E12F}.Debug|iPhoneSimulator.Build.0 = Debug|x86
		{E96A803E-A8E6-49B3-9533-EAC33DC1E12F}.Debug|iPhoneSimulator.Deploy.0 = Debug|x86
		{E96A803E-A8E6-49B3-9533-EAC33DC1E12F}.Debug|x64.ActiveCfg = Debug|x64
		{E96A803E-A8E6-49B3-9533-EAC33DC1E12F}.Debug|x64.Build.0 = Debug|x64
		{E96A803E-A8E6-49B3-9533-EAC33DC1E12F}.Debug|x64.Deploy.0 = Debug|x64
		{E96A803E-A8E6-49B3-9533-EAC33DC1E12F}.Debug|x86.ActiveCfg = Debug|x86
		{E96A803E-A8E6-49B3-9533-EAC33DC1E12F}.Debug|x86.Build.0 = Debug|x86
		{E96A803E-A8E6-49B3-9533-EAC33DC1E12F}.Debug|x86.Deploy.0 = Debug|x86
		{E96A803E-A8E6-49B3-9533-EAC33DC1E12F}.Release|Any CPU.ActiveCfg = Release|x86
		{E96A803E-A8E6-49B3-9533-EAC33DC1E12F}.Release|Any CPU.Build.0 = Release|x86
		{E96A803E-A8E6-49B3-9533-EAC33DC1E12F}.Release|Any CPU.Deploy.0 = Release|x86
		{E96A803E-A8E6-49B3-9533-EAC33DC1E12F}.Release|ARM.ActiveCfg = Release|ARM
		{E96A803E-A8E6-49B3-9533-EAC33DC1E12F}.Release|ARM.Build.0 = Release|ARM
		{E96A803E-A8E6-49B3-9533-EAC33DC1E12F}.Release|ARM.Deploy.0 = Release|ARM
		{E96A803E-A8E6-49B3-9533-EAC33DC1E12F}.Release|iPhone.ActiveCfg = Release|x86
		{E96A803E-A8E6-49B3-9533-EAC33DC1E12F}.Release|iPhone.Build.0 = Release|x86
		{E96A803E-A8E6-49B3-9533-EAC33DC1E12F}.Release|iPhone.Deploy.0 = Release|x86
		{E96A803E-A8E6-49B3-9533-EAC33DC1E12F}.Release|iPhoneSimulator.ActiveCfg = Release|x86
		{E96A803E-A8E6-49B3-9533-EAC33DC1E12F}.Release|iPhoneSimulator.Build.0 = Release|x86
		{E96A803E-A8E6-49B3-9533-EAC33DC1E12F}.Release|iPhoneSimulator.Deploy.0 = Release|x86
		{E96A803E-A8E6-49B3-9533-EAC33DC1E12F}.Release|x64.ActiveCfg = Release|x64
		{E96A803E-A8E6-49B3-9533-EAC33DC1E12F}.Release|x64.Build.0 = Release|x64
		{E96A803E-A8E6-49B3-9533-EAC33DC1E12F}.Release|x64.Deploy.0 = Release|x64
		{E96A803E-A8E6-49B3-9533-EAC33DC1E12F}.Release|x86.ActiveCfg = Release|x86
		{E96A803E-A8E6-49B3-9533-EAC33DC1E12F}.Release|x86.Build.0 = Release|x86
		{E96A803E-A8E6-49B3-9533-EAC33DC1E12F}.Release|x86.Deploy.0 = Release|x86
		{08A8DA0E-D0EA-4D92-AB0C-EB8A3E7FA27E}.Ad-Hoc|Any CPU.ActiveCfg = Debug|Any CPU
		{08A8DA0E-D0EA-4D92-AB0C-EB8A3E7FA27E}.Ad-Hoc|Any CPU.Build.0 = Debug|Any CPU
		{08A8DA0E-D0EA-4D92-AB0C-EB8A3E7FA27E}.Ad-Hoc|Any CPU.Deploy.0 = Debug|Any CPU
		{08A8DA0E-D0EA-4D92-AB0C-EB8A3E7FA27E}.Ad-Hoc|ARM.ActiveCfg = Debug|Any CPU
		{08A8DA0E-D0EA-4D92-AB0C-EB8A3E7FA27E}.Ad-Hoc|ARM.Build.0 = Debug|Any CPU
		{08A8DA0E-D0EA-4D92-AB0C-EB8A3E7FA27E}.Ad-Hoc|ARM.Deploy.0 = Debug|Any CPU
		{08A8DA0E-D0EA-4D92-AB0C-EB8A3E7FA27E}.Ad-Hoc|iPhone.ActiveCfg = Debug|Any CPU
		{08A8DA0E-D0EA-4D92-AB0C-EB8A3E7FA27E}.Ad-Hoc|iPhone.Build.0 = Debug|Any CPU
		{08A8DA0E-D0EA-4D92-AB0C-EB8A3E7FA27E}.Ad-Hoc|iPhone.Deploy.0 = Debug|Any CPU
		{08A8DA0E-D0EA-4D92-AB0C-EB8A3E7FA27E}.Ad-Hoc|iPhoneSimulator.ActiveCfg = Debug|Any CPU
		{08A8DA0E-D0EA-4D92-AB0C-EB8A3E7FA27E}.Ad-Hoc|iPhoneSimulator.Build.0 = Debug|Any CPU
		{08A8DA0E-D0EA-4D92-AB0C-EB8A3E7FA27E}.Ad-Hoc|iPhoneSimulator.Deploy.0 = Debug|Any CPU
		{08A8DA0E-D0EA-4D92-AB0C-EB8A3E7FA27E}.Ad-Hoc|x64.ActiveCfg = Debug|Any CPU
		{08A8DA0E-D0EA-4D92-AB0C-EB8A3E7FA27E}.Ad-Hoc|x64.Build.0 = Debug|Any CPU
		{08A8DA0E-D0EA-4D92-AB0C-EB8A3E7FA27E}.Ad-Hoc|x64.Deploy.0 = Debug|Any CPU
		{08A8DA0E-D0EA-4D92-AB0C-EB8A3E7FA27E}.Ad-Hoc|x86.ActiveCfg = Debug|Any CPU
		{08A8DA0E-D0EA-4D92-AB0C-EB8A3E7FA27E}.Ad-Hoc|x86.Build.0 = Debug|Any CPU
		{08A8DA0E-D0EA-4D92-AB0C-EB8A3E7FA27E}.Ad-Hoc|x86.Deploy.0 = Debug|Any CPU
		{08A8DA0E-D0EA-4D92-AB0C-EB8A3E7FA27E}.AppStore|Any CPU.ActiveCfg = Debug|Any CPU
		{08A8DA0E-D0EA-4D92-AB0C-EB8A3E7FA27E}.AppStore|Any CPU.Build.0 = Debug|Any CPU
		{08A8DA0E-D0EA-4D92-AB0C-EB8A3E7FA27E}.AppStore|Any CPU.Deploy.0 = Debug|Any CPU
		{08A8DA0E-D0EA-4D92-AB0C-EB8A3E7FA27E}.AppStore|ARM.ActiveCfg = Debug|Any CPU
		{08A8DA0E-D0EA-4D92-AB0C-EB8A3E7FA27E}.AppStore|ARM.Build.0 = Debug|Any CPU
		{08A8DA0E-D0EA-4D92-AB0C-EB8A3E7FA27E}.AppStore|ARM.Deploy.0 = Debug|Any CPU
		{08A8DA0E-D0EA-4D92-AB0C-EB8A3E7FA27E}.AppStore|iPhone.ActiveCfg = Debug|Any CPU
		{08A8DA0E-D0EA-4D92-AB0C-EB8A3E7FA27E}.AppStore|iPhone.Build.0 = Debug|Any CPU
		{08A8DA0E-D0EA-4D92-AB0C-EB8A3E7FA27E}.AppStore|iPhone.Deploy.0 = Debug|Any CPU
		{08A8DA0E-D0EA-4D92-AB0C-EB8A3E7FA27E}.AppStore|iPhoneSimulator.ActiveCfg = Debug|Any CPU
		{08A8DA0E-D0EA-4D92-AB0C-EB8A3E7FA27E}.AppStore|iPhoneSimulator.Build.0 = Debug|Any CPU
		{08A8DA0E-D0EA-4D92-AB0C-EB8A3E7FA27E}.AppStore|iPhoneSimulator.Deploy.0 = Debug|Any CPU
		{08A8DA0E-D0EA-4D92-AB0C-EB8A3E7FA27E}.AppStore|x64.ActiveCfg = Debug|Any CPU
		{08A8DA0E-D0EA-4D92-AB0C-EB8A3E7FA27E}.AppStore|x64.Build.0 = Debug|Any CPU
		{08A8DA0E-D0EA-4D92-AB0C-EB8A3E7FA27E}.AppStore|x64.Deploy.0 = Debug|Any CPU
		{08A8DA0E-D0EA-4D92-AB0C-EB8A3E7FA27E}.AppStore|x86.ActiveCfg = Debug|Any CPU
		{08A8DA0E-D0EA-4D92-AB0C-EB8A3E7FA27E}.AppStore|x86.Build.0 = Debug|Any CPU
		{08A8DA0E-D0EA-4D92-AB0C-EB8A3E7FA27E}.AppStore|x86.Deploy.0 = Debug|Any CPU
		{08A8DA0E-D0EA-4D92-AB0C-EB8A3E7FA27E}.Debug|Any CPU.ActiveCfg = Debug|Any CPU
		{08A8DA0E-D0EA-4D92-AB0C-EB8A3E7FA27E}.Debug|Any CPU.Build.0 = Debug|Any CPU
		{08A8DA0E-D0EA-4D92-AB0C-EB8A3E7FA27E}.Debug|Any CPU.Deploy.0 = Debug|Any CPU
		{08A8DA0E-D0EA-4D92-AB0C-EB8A3E7FA27E}.Debug|ARM.ActiveCfg = Debug|Any CPU
		{08A8DA0E-D0EA-4D92-AB0C-EB8A3E7FA27E}.Debug|ARM.Build.0 = Debug|Any CPU
		{08A8DA0E-D0EA-4D92-AB0C-EB8A3E7FA27E}.Debug|ARM.Deploy.0 = Debug|Any CPU
		{08A8DA0E-D0EA-4D92-AB0C-EB8A3E7FA27E}.Debug|iPhone.ActiveCfg = Debug|Any CPU
		{08A8DA0E-D0EA-4D92-AB0C-EB8A3E7FA27E}.Debug|iPhone.Build.0 = Debug|Any CPU
		{08A8DA0E-D0EA-4D92-AB0C-EB8A3E7FA27E}.Debug|iPhone.Deploy.0 = Debug|Any CPU
		{08A8DA0E-D0EA-4D92-AB0C-EB8A3E7FA27E}.Debug|iPhoneSimulator.ActiveCfg = Debug|Any CPU
		{08A8DA0E-D0EA-4D92-AB0C-EB8A3E7FA27E}.Debug|iPhoneSimulator.Build.0 = Debug|Any CPU
		{08A8DA0E-D0EA-4D92-AB0C-EB8A3E7FA27E}.Debug|iPhoneSimulator.Deploy.0 = Debug|Any CPU
		{08A8DA0E-D0EA-4D92-AB0C-EB8A3E7FA27E}.Debug|x64.ActiveCfg = Debug|Any CPU
		{08A8DA0E-D0EA-4D92-AB0C-EB8A3E7FA27E}.Debug|x64.Build.0 = Debug|Any CPU
		{08A8DA0E-D0EA-4D92-AB0C-EB8A3E7FA27E}.Debug|x64.Deploy.0 = Debug|Any CPU
		{08A8DA0E-D0EA-4D92-AB0C-EB8A3E7FA27E}.Debug|x86.ActiveCfg = Debug|Any CPU
		{08A8DA0E-D0EA-4D92-AB0C-EB8A3E7FA27E}.Debug|x86.Build.0 = Debug|Any CPU
		{08A8DA0E-D0EA-4D92-AB0C-EB8A3E7FA27E}.Debug|x86.Deploy.0 = Debug|Any CPU
		{08A8DA0E-D0EA-4D92-AB0C-EB8A3E7FA27E}.Release|Any CPU.ActiveCfg = Release|Any CPU
		{08A8DA0E-D0EA-4D92-AB0C-EB8A3E7FA27E}.Release|Any CPU.Build.0 = Release|Any CPU
		{08A8DA0E-D0EA-4D92-AB0C-EB8A3E7FA27E}.Release|Any CPU.Deploy.0 = Release|Any CPU
		{08A8DA0E-D0EA-4D92-AB0C-EB8A3E7FA27E}.Release|ARM.ActiveCfg = Release|Any CPU
		{08A8DA0E-D0EA-4D92-AB0C-EB8A3E7FA27E}.Release|ARM.Build.0 = Release|Any CPU
		{08A8DA0E-D0EA-4D92-AB0C-EB8A3E7FA27E}.Release|ARM.Deploy.0 = Release|Any CPU
		{08A8DA0E-D0EA-4D92-AB0C-EB8A3E7FA27E}.Release|iPhone.ActiveCfg = Release|Any CPU
		{08A8DA0E-D0EA-4D92-AB0C-EB8A3E7FA27E}.Release|iPhone.Build.0 = Release|Any CPU
		{08A8DA0E-D0EA-4D92-AB0C-EB8A3E7FA27E}.Release|iPhone.Deploy.0 = Release|Any CPU
		{08A8DA0E-D0EA-4D92-AB0C-EB8A3E7FA27E}.Release|iPhoneSimulator.ActiveCfg = Release|Any CPU
		{08A8DA0E-D0EA-4D92-AB0C-EB8A3E7FA27E}.Release|iPhoneSimulator.Build.0 = Release|Any CPU
		{08A8DA0E-D0EA-4D92-AB0C-EB8A3E7FA27E}.Release|iPhoneSimulator.Deploy.0 = Release|Any CPU
		{08A8DA0E-D0EA-4D92-AB0C-EB8A3E7FA27E}.Release|x64.ActiveCfg = Release|Any CPU
		{08A8DA0E-D0EA-4D92-AB0C-EB8A3E7FA27E}.Release|x64.Build.0 = Release|Any CPU
		{08A8DA0E-D0EA-4D92-AB0C-EB8A3E7FA27E}.Release|x64.Deploy.0 = Release|Any CPU
		{08A8DA0E-D0EA-4D92-AB0C-EB8A3E7FA27E}.Release|x86.ActiveCfg = Release|Any CPU
		{08A8DA0E-D0EA-4D92-AB0C-EB8A3E7FA27E}.Release|x86.Build.0 = Release|Any CPU
		{08A8DA0E-D0EA-4D92-AB0C-EB8A3E7FA27E}.Release|x86.Deploy.0 = Release|Any CPU
	EndGlobalSection
	GlobalSection(SolutionProperties) = preSolution
		HideSolutionNode = FALSE
	EndGlobalSection
	GlobalSection(ExtensibilityGlobals) = postSolution
		SolutionGuid = {6D0D2E30-33AF-42DB-88FE-F8354116518B}
	EndGlobalSection
EndGlobal
